// !$*UTF8*$!
{
	archiveVersion = 1;
	classes = {
	};
	objectVersion = 46;
	objects = {

/* Begin PBXBuildFile section */
		43D2FCADFA476DE88197B63B /* Pods_ReflectTests.framework in Frameworks */ = {isa = PBXBuildFile; fileRef = E0BB233CA85354E5024FC132 /* Pods_ReflectTests.framework */; };
		BB0675961E28585200B4EF9A /* Main2ViewController.swift in Sources */ = {isa = PBXBuildFile; fileRef = BB0675951E28585200B4EF9A /* Main2ViewController.swift */; };
		BB0675981E285D3500B4EF9A /* HabitCollectionViewCell.swift in Sources */ = {isa = PBXBuildFile; fileRef = BB0675971E285D3500B4EF9A /* HabitCollectionViewCell.swift */; };
		BB06759A1E28847800B4EF9A /* Habit.swift in Sources */ = {isa = PBXBuildFile; fileRef = BB0675991E28847800B4EF9A /* Habit.swift */; };
		BB5283911E25B4B400047A07 /* WelcomeViewController.swift in Sources */ = {isa = PBXBuildFile; fileRef = BB5283901E25B4B400047A07 /* WelcomeViewController.swift */; };
		BB5283931E25B4C200047A07 /* LoginViewController.swift in Sources */ = {isa = PBXBuildFile; fileRef = BB5283921E25B4C200047A07 /* LoginViewController.swift */; };
		BB5283951E25B4CD00047A07 /* RegisterViewController.swift in Sources */ = {isa = PBXBuildFile; fileRef = BB5283941E25B4CD00047A07 /* RegisterViewController.swift */; };
		BB797A581E29CC1A00ED28BE /* AddHabitViewController.swift in Sources */ = {isa = PBXBuildFile; fileRef = BB797A571E29CC1A00ED28BE /* AddHabitViewController.swift */; };
		BB7ADDA01E25DD6E0027DDBD /* Extensions.swift in Sources */ = {isa = PBXBuildFile; fileRef = BB7ADD9F1E25DD6E0027DDBD /* Extensions.swift */; };
		BB7ADDA31E25E5250027DDBD /* Constants.swift in Sources */ = {isa = PBXBuildFile; fileRef = BB7ADDA21E25E5250027DDBD /* Constants.swift */; };
		BB87919C1E26A78600A8729A /* MainViewController.swift in Sources */ = {isa = PBXBuildFile; fileRef = BB87919B1E26A78600A8729A /* MainViewController.swift */; };
		BB87919E1E26AD0A00A8729A /* AppController.swift in Sources */ = {isa = PBXBuildFile; fileRef = BB87919D1E26AD0A00A8729A /* AppController.swift */; };
		BBA4C2681E28BACB006BFEAE /* User.swift in Sources */ = {isa = PBXBuildFile; fileRef = BBA4C2671E28BACB006BFEAE /* User.swift */; };
		BBA4C26C1E28C804006BFEAE /* KeychainWrapper.m in Sources */ = {isa = PBXBuildFile; fileRef = BBA4C26B1E28C804006BFEAE /* KeychainWrapper.m */; };
		BBA4C26E1E28C8B5006BFEAE /* DataStore.swift in Sources */ = {isa = PBXBuildFile; fileRef = BBA4C26D1E28C8B5006BFEAE /* DataStore.swift */; };
		BBDA3B061E2F491B0022F326 /* Daily.swift in Sources */ = {isa = PBXBuildFile; fileRef = BBDA3B051E2F491B0022F326 /* Daily.swift */; };
		BBE465D51E288B9A00E7F583 /* Assets.xcassets in Resources */ = {isa = PBXBuildFile; fileRef = BBE465D41E288B9A00E7F583 /* Assets.xcassets */; };
		BBE465D71E28B47000E7F583 /* GoogleService-Info.plist in Resources */ = {isa = PBXBuildFile; fileRef = BBE465D61E28B47000E7F583 /* GoogleService-Info.plist */; };
		BBFB441F1E216AA10002E30C /* AppDelegate.swift in Sources */ = {isa = PBXBuildFile; fileRef = BBFB441E1E216AA10002E30C /* AppDelegate.swift */; };
		BBFB44241E216AA10002E30C /* Main.storyboard in Resources */ = {isa = PBXBuildFile; fileRef = BBFB44221E216AA10002E30C /* Main.storyboard */; };
		BBFB44271E216AA10002E30C /* Reflect.xcdatamodeld in Sources */ = {isa = PBXBuildFile; fileRef = BBFB44251E216AA10002E30C /* Reflect.xcdatamodeld */; };
		BBFB442C1E216AA10002E30C /* LaunchScreen.storyboard in Resources */ = {isa = PBXBuildFile; fileRef = BBFB442A1E216AA10002E30C /* LaunchScreen.storyboard */; };
		BBFB44371E216AA10002E30C /* ReflectTests.swift in Sources */ = {isa = PBXBuildFile; fileRef = BBFB44361E216AA10002E30C /* ReflectTests.swift */; };
		BBFB44421E216AA10002E30C /* ReflectUITests.swift in Sources */ = {isa = PBXBuildFile; fileRef = BBFB44411E216AA10002E30C /* ReflectUITests.swift */; };
		D0C9744A03ECAA322BB6BB40 /* Pods_ReflectUITests.framework in Frameworks */ = {isa = PBXBuildFile; fileRef = F5891C9336B46E105718E6A6 /* Pods_ReflectUITests.framework */; };
		FFE4AEC62A2913697F32313A /* Pods_Reflect.framework in Frameworks */ = {isa = PBXBuildFile; fileRef = D66D227AA915E2851D7EE5FC /* Pods_Reflect.framework */; };
/* End PBXBuildFile section */

/* Begin PBXContainerItemProxy section */
		BBFB44331E216AA10002E30C /* PBXContainerItemProxy */ = {
			isa = PBXContainerItemProxy;
			containerPortal = BBFB44131E216AA10002E30C /* Project object */;
			proxyType = 1;
			remoteGlobalIDString = BBFB441A1E216AA10002E30C;
			remoteInfo = Reflect;
		};
		BBFB443E1E216AA10002E30C /* PBXContainerItemProxy */ = {
			isa = PBXContainerItemProxy;
			containerPortal = BBFB44131E216AA10002E30C /* Project object */;
			proxyType = 1;
			remoteGlobalIDString = BBFB441A1E216AA10002E30C;
			remoteInfo = Reflect;
		};
/* End PBXContainerItemProxy section */

/* Begin PBXFileReference section */
		15030B7EF3FB4CE443A6C078 /* Pods-ReflectTests.debug.xcconfig */ = {isa = PBXFileReference; includeInIndex = 1; lastKnownFileType = text.xcconfig; name = "Pods-ReflectTests.debug.xcconfig"; path = "Pods/Target Support Files/Pods-ReflectTests/Pods-ReflectTests.debug.xcconfig"; sourceTree = "<group>"; };
		154E4A41F1DB62F18D967000 /* Pods-ReflectUITests.release.xcconfig */ = {isa = PBXFileReference; includeInIndex = 1; lastKnownFileType = text.xcconfig; name = "Pods-ReflectUITests.release.xcconfig"; path = "Pods/Target Support Files/Pods-ReflectUITests/Pods-ReflectUITests.release.xcconfig"; sourceTree = "<group>"; };
		7057CFD29543839FB06CF071 /* Pods-Reflect.release.xcconfig */ = {isa = PBXFileReference; includeInIndex = 1; lastKnownFileType = text.xcconfig; name = "Pods-Reflect.release.xcconfig"; path = "Pods/Target Support Files/Pods-Reflect/Pods-Reflect.release.xcconfig"; sourceTree = "<group>"; };
		8983F2F2BBB4D376187C2C67 /* Pods-ReflectTests.release.xcconfig */ = {isa = PBXFileReference; includeInIndex = 1; lastKnownFileType = text.xcconfig; name = "Pods-ReflectTests.release.xcconfig"; path = "Pods/Target Support Files/Pods-ReflectTests/Pods-ReflectTests.release.xcconfig"; sourceTree = "<group>"; };
		9345554C9AC699CD64F4374F /* Pods-Reflect.debug.xcconfig */ = {isa = PBXFileReference; includeInIndex = 1; lastKnownFileType = text.xcconfig; name = "Pods-Reflect.debug.xcconfig"; path = "Pods/Target Support Files/Pods-Reflect/Pods-Reflect.debug.xcconfig"; sourceTree = "<group>"; };
		BB0675951E28585200B4EF9A /* Main2ViewController.swift */ = {isa = PBXFileReference; fileEncoding = 4; lastKnownFileType = sourcecode.swift; path = Main2ViewController.swift; sourceTree = "<group>"; };
		BB0675971E285D3500B4EF9A /* HabitCollectionViewCell.swift */ = {isa = PBXFileReference; fileEncoding = 4; lastKnownFileType = sourcecode.swift; path = HabitCollectionViewCell.swift; sourceTree = "<group>"; };
		BB0675991E28847800B4EF9A /* Habit.swift */ = {isa = PBXFileReference; fileEncoding = 4; lastKnownFileType = sourcecode.swift; path = Habit.swift; sourceTree = "<group>"; };
		BB5283901E25B4B400047A07 /* WelcomeViewController.swift */ = {isa = PBXFileReference; fileEncoding = 4; lastKnownFileType = sourcecode.swift; path = WelcomeViewController.swift; sourceTree = "<group>"; };
		BB5283921E25B4C200047A07 /* LoginViewController.swift */ = {isa = PBXFileReference; fileEncoding = 4; lastKnownFileType = sourcecode.swift; path = LoginViewController.swift; sourceTree = "<group>"; };
		BB5283941E25B4CD00047A07 /* RegisterViewController.swift */ = {isa = PBXFileReference; fileEncoding = 4; lastKnownFileType = sourcecode.swift; path = RegisterViewController.swift; sourceTree = "<group>"; };
		BB797A571E29CC1A00ED28BE /* AddHabitViewController.swift */ = {isa = PBXFileReference; fileEncoding = 4; lastKnownFileType = sourcecode.swift; path = AddHabitViewController.swift; sourceTree = "<group>"; };
		BB7ADD9F1E25DD6E0027DDBD /* Extensions.swift */ = {isa = PBXFileReference; fileEncoding = 4; lastKnownFileType = sourcecode.swift; path = Extensions.swift; sourceTree = "<group>"; };
		BB7ADDA21E25E5250027DDBD /* Constants.swift */ = {isa = PBXFileReference; fileEncoding = 4; lastKnownFileType = sourcecode.swift; path = Constants.swift; sourceTree = "<group>"; };
		BB87919B1E26A78600A8729A /* MainViewController.swift */ = {isa = PBXFileReference; fileEncoding = 4; lastKnownFileType = sourcecode.swift; path = MainViewController.swift; sourceTree = "<group>"; };
		BB87919D1E26AD0A00A8729A /* AppController.swift */ = {isa = PBXFileReference; fileEncoding = 4; lastKnownFileType = sourcecode.swift; path = AppController.swift; sourceTree = "<group>"; };
		BBA4C2671E28BACB006BFEAE /* User.swift */ = {isa = PBXFileReference; fileEncoding = 4; lastKnownFileType = sourcecode.swift; path = User.swift; sourceTree = "<group>"; };
		BBA4C2691E28C803006BFEAE /* Reflect-Bridging-Header.h */ = {isa = PBXFileReference; lastKnownFileType = sourcecode.c.h; path = "Reflect-Bridging-Header.h"; sourceTree = "<group>"; };
		BBA4C26A1E28C804006BFEAE /* KeychainWrapper.h */ = {isa = PBXFileReference; fileEncoding = 4; lastKnownFileType = sourcecode.c.h; path = KeychainWrapper.h; sourceTree = "<group>"; };
		BBA4C26B1E28C804006BFEAE /* KeychainWrapper.m */ = {isa = PBXFileReference; fileEncoding = 4; lastKnownFileType = sourcecode.c.objc; path = KeychainWrapper.m; sourceTree = "<group>"; };
		BBA4C26D1E28C8B5006BFEAE /* DataStore.swift */ = {isa = PBXFileReference; fileEncoding = 4; lastKnownFileType = sourcecode.swift; path = DataStore.swift; sourceTree = "<group>"; };
		BBA4C26F1E28CA6D006BFEAE /* Reflect.entitlements */ = {isa = PBXFileReference; lastKnownFileType = text.plist.entitlements; path = Reflect.entitlements; sourceTree = "<group>"; };
		BBDA3B051E2F491B0022F326 /* Daily.swift */ = {isa = PBXFileReference; fileEncoding = 4; lastKnownFileType = sourcecode.swift; path = Daily.swift; sourceTree = "<group>"; };
		BBE465D41E288B9A00E7F583 /* Assets.xcassets */ = {isa = PBXFileReference; lastKnownFileType = folder.assetcatalog; path = Assets.xcassets; sourceTree = "<group>"; };
		BBE465D61E28B47000E7F583 /* GoogleService-Info.plist */ = {isa = PBXFileReference; fileEncoding = 4; lastKnownFileType = text.plist.xml; path = "GoogleService-Info.plist"; sourceTree = "<group>"; };
		BBFB441B1E216AA10002E30C /* Reflect.app */ = {isa = PBXFileReference; explicitFileType = wrapper.application; includeInIndex = 0; path = Reflect.app; sourceTree = BUILT_PRODUCTS_DIR; };
		BBFB441E1E216AA10002E30C /* AppDelegate.swift */ = {isa = PBXFileReference; lastKnownFileType = sourcecode.swift; path = AppDelegate.swift; sourceTree = "<group>"; };
		BBFB44231E216AA10002E30C /* Base */ = {isa = PBXFileReference; lastKnownFileType = file.storyboard; name = Base; path = Base.lproj/Main.storyboard; sourceTree = "<group>"; };
		BBFB44261E216AA10002E30C /* Reflect.xcdatamodel */ = {isa = PBXFileReference; lastKnownFileType = wrapper.xcdatamodel; path = Reflect.xcdatamodel; sourceTree = "<group>"; };
		BBFB442B1E216AA10002E30C /* Base */ = {isa = PBXFileReference; lastKnownFileType = file.storyboard; name = Base; path = Base.lproj/LaunchScreen.storyboard; sourceTree = "<group>"; };
		BBFB442D1E216AA10002E30C /* Info.plist */ = {isa = PBXFileReference; lastKnownFileType = text.plist.xml; path = Info.plist; sourceTree = "<group>"; };
		BBFB44321E216AA10002E30C /* ReflectTests.xctest */ = {isa = PBXFileReference; explicitFileType = wrapper.cfbundle; includeInIndex = 0; path = ReflectTests.xctest; sourceTree = BUILT_PRODUCTS_DIR; };
		BBFB44361E216AA10002E30C /* ReflectTests.swift */ = {isa = PBXFileReference; lastKnownFileType = sourcecode.swift; path = ReflectTests.swift; sourceTree = "<group>"; };
		BBFB44381E216AA10002E30C /* Info.plist */ = {isa = PBXFileReference; lastKnownFileType = text.plist.xml; path = Info.plist; sourceTree = "<group>"; };
		BBFB443D1E216AA10002E30C /* ReflectUITests.xctest */ = {isa = PBXFileReference; explicitFileType = wrapper.cfbundle; includeInIndex = 0; path = ReflectUITests.xctest; sourceTree = BUILT_PRODUCTS_DIR; };
		BBFB44411E216AA10002E30C /* ReflectUITests.swift */ = {isa = PBXFileReference; lastKnownFileType = sourcecode.swift; path = ReflectUITests.swift; sourceTree = "<group>"; };
		BBFB44431E216AA10002E30C /* Info.plist */ = {isa = PBXFileReference; lastKnownFileType = text.plist.xml; path = Info.plist; sourceTree = "<group>"; };
		D66D227AA915E2851D7EE5FC /* Pods_Reflect.framework */ = {isa = PBXFileReference; explicitFileType = wrapper.framework; includeInIndex = 0; path = Pods_Reflect.framework; sourceTree = BUILT_PRODUCTS_DIR; };
		E0BB233CA85354E5024FC132 /* Pods_ReflectTests.framework */ = {isa = PBXFileReference; explicitFileType = wrapper.framework; includeInIndex = 0; path = Pods_ReflectTests.framework; sourceTree = BUILT_PRODUCTS_DIR; };
		E54CC4FDEF3647C9A717A979 /* Pods-ReflectUITests.debug.xcconfig */ = {isa = PBXFileReference; includeInIndex = 1; lastKnownFileType = text.xcconfig; name = "Pods-ReflectUITests.debug.xcconfig"; path = "Pods/Target Support Files/Pods-ReflectUITests/Pods-ReflectUITests.debug.xcconfig"; sourceTree = "<group>"; };
		F5891C9336B46E105718E6A6 /* Pods_ReflectUITests.framework */ = {isa = PBXFileReference; explicitFileType = wrapper.framework; includeInIndex = 0; path = Pods_ReflectUITests.framework; sourceTree = BUILT_PRODUCTS_DIR; };
/* End PBXFileReference section */

/* Begin PBXFrameworksBuildPhase section */
		BBFB44181E216AA10002E30C /* Frameworks */ = {
			isa = PBXFrameworksBuildPhase;
			buildActionMask = 2147483647;
			files = (
				FFE4AEC62A2913697F32313A /* Pods_Reflect.framework in Frameworks */,
			);
			runOnlyForDeploymentPostprocessing = 0;
		};
		BBFB442F1E216AA10002E30C /* Frameworks */ = {
			isa = PBXFrameworksBuildPhase;
			buildActionMask = 2147483647;
			files = (
				43D2FCADFA476DE88197B63B /* Pods_ReflectTests.framework in Frameworks */,
			);
			runOnlyForDeploymentPostprocessing = 0;
		};
		BBFB443A1E216AA10002E30C /* Frameworks */ = {
			isa = PBXFrameworksBuildPhase;
			buildActionMask = 2147483647;
			files = (
				D0C9744A03ECAA322BB6BB40 /* Pods_ReflectUITests.framework in Frameworks */,
			);
			runOnlyForDeploymentPostprocessing = 0;
		};
/* End PBXFrameworksBuildPhase section */

/* Begin PBXGroup section */
		16913CA1882AAA042088F47F /* Pods */ = {
			isa = PBXGroup;
			children = (
				9345554C9AC699CD64F4374F /* Pods-Reflect.debug.xcconfig */,
				7057CFD29543839FB06CF071 /* Pods-Reflect.release.xcconfig */,
				15030B7EF3FB4CE443A6C078 /* Pods-ReflectTests.debug.xcconfig */,
				8983F2F2BBB4D376187C2C67 /* Pods-ReflectTests.release.xcconfig */,
				E54CC4FDEF3647C9A717A979 /* Pods-ReflectUITests.debug.xcconfig */,
				154E4A41F1DB62F18D967000 /* Pods-ReflectUITests.release.xcconfig */,
			);
			name = Pods;
			sourceTree = "<group>";
		};
		8008821503289CF38A5497BF /* Frameworks */ = {
			isa = PBXGroup;
			children = (
				D66D227AA915E2851D7EE5FC /* Pods_Reflect.framework */,
				E0BB233CA85354E5024FC132 /* Pods_ReflectTests.framework */,
				F5891C9336B46E105718E6A6 /* Pods_ReflectUITests.framework */,
			);
			name = Frameworks;
			sourceTree = "<group>";
		};
		BB7ADD9C1E25DCA60027DDBD /* View Controller */ = {
			isa = PBXGroup;
			children = (
				BB797A571E29CC1A00ED28BE /* AddHabitViewController.swift */,
				BB87919D1E26AD0A00A8729A /* AppController.swift */,
				BB5283921E25B4C200047A07 /* LoginViewController.swift */,
				BB87919B1E26A78600A8729A /* MainViewController.swift */,
				BB0675951E28585200B4EF9A /* Main2ViewController.swift */,
				BB0675971E285D3500B4EF9A /* HabitCollectionViewCell.swift */,
				BB5283941E25B4CD00047A07 /* RegisterViewController.swift */,
				BB5283901E25B4B400047A07 /* WelcomeViewController.swift */,
			);
			name = "View Controller";
			sourceTree = "<group>";
		};
		BB7ADD9D1E25DCC30027DDBD /* View */ = {
			isa = PBXGroup;
			children = (
				BBFB44221E216AA10002E30C /* Main.storyboard */,
			);
			name = View;
			sourceTree = "<group>";
		};
		BB7ADD9E1E25DCCA0027DDBD /* Supporting Files */ = {
			isa = PBXGroup;
			children = (
				BBFB441E1E216AA10002E30C /* AppDelegate.swift */,
				BBE465D41E288B9A00E7F583 /* Assets.xcassets */,
				BBE465D61E28B47000E7F583 /* GoogleService-Info.plist */,
				BBFB442D1E216AA10002E30C /* Info.plist */,
				BBA4C26A1E28C804006BFEAE /* KeychainWrapper.h */,
				BBA4C26B1E28C804006BFEAE /* KeychainWrapper.m */,
				BBFB442A1E216AA10002E30C /* LaunchScreen.storyboard */,
				BBA4C2691E28C803006BFEAE /* Reflect-Bridging-Header.h */,
				BBFB44251E216AA10002E30C /* Reflect.xcdatamodeld */,
			);
			name = "Supporting Files";
			sourceTree = "<group>";
		};
		BB7ADDA11E25DD730027DDBD /* Model */ = {
			isa = PBXGroup;
			children = (
				BB7ADD9F1E25DD6E0027DDBD /* Extensions.swift */,
				BB7ADDA21E25E5250027DDBD /* Constants.swift */,
				BBA4C2671E28BACB006BFEAE /* User.swift */,
				BBDA3B051E2F491B0022F326 /* Daily.swift */,
				BB0675991E28847800B4EF9A /* Habit.swift */,
				BBA4C26D1E28C8B5006BFEAE /* DataStore.swift */,
			);
			name = Model;
			sourceTree = "<group>";
		};
		BBFB44121E216AA10002E30C = {
			isa = PBXGroup;
			children = (
				BBFB441D1E216AA10002E30C /* Reflect */,
				BBFB44351E216AA10002E30C /* ReflectTests */,
				BBFB44401E216AA10002E30C /* ReflectUITests */,
				BBFB441C1E216AA10002E30C /* Products */,
				16913CA1882AAA042088F47F /* Pods */,
				8008821503289CF38A5497BF /* Frameworks */,
			);
			sourceTree = "<group>";
		};
		BBFB441C1E216AA10002E30C /* Products */ = {
			isa = PBXGroup;
			children = (
				BBFB441B1E216AA10002E30C /* Reflect.app */,
				BBFB44321E216AA10002E30C /* ReflectTests.xctest */,
				BBFB443D1E216AA10002E30C /* ReflectUITests.xctest */,
			);
			name = Products;
			sourceTree = "<group>";
		};
		BBFB441D1E216AA10002E30C /* Reflect */ = {
			isa = PBXGroup;
			children = (
				BBA4C26F1E28CA6D006BFEAE /* Reflect.entitlements */,
				BB7ADD9C1E25DCA60027DDBD /* View Controller */,
				BB7ADDA11E25DD730027DDBD /* Model */,
				BB7ADD9D1E25DCC30027DDBD /* View */,
				BB7ADD9E1E25DCCA0027DDBD /* Supporting Files */,
			);
			path = Reflect;
			sourceTree = "<group>";
		};
		BBFB44351E216AA10002E30C /* ReflectTests */ = {
			isa = PBXGroup;
			children = (
				BBFB44361E216AA10002E30C /* ReflectTests.swift */,
				BBFB44381E216AA10002E30C /* Info.plist */,
			);
			path = ReflectTests;
			sourceTree = "<group>";
		};
		BBFB44401E216AA10002E30C /* ReflectUITests */ = {
			isa = PBXGroup;
			children = (
				BBFB44411E216AA10002E30C /* ReflectUITests.swift */,
				BBFB44431E216AA10002E30C /* Info.plist */,
			);
			path = ReflectUITests;
			sourceTree = "<group>";
		};
/* End PBXGroup section */

/* Begin PBXNativeTarget section */
		BBFB441A1E216AA10002E30C /* Reflect */ = {
			isa = PBXNativeTarget;
			buildConfigurationList = BBFB44461E216AA10002E30C /* Build configuration list for PBXNativeTarget "Reflect" */;
			buildPhases = (
				27C4238DF7D43A53ED52BF1D /* [CP] Check Pods Manifest.lock */,
				BBFB44171E216AA10002E30C /* Sources */,
				BBFB44181E216AA10002E30C /* Frameworks */,
				BBFB44191E216AA10002E30C /* Resources */,
				B27317CF1BEFF771E225D2E9 /* [CP] Embed Pods Frameworks */,
				074E375F66726DF89DEA7949 /* [CP] Copy Pods Resources */,
			);
			buildRules = (
			);
			dependencies = (
			);
			name = Reflect;
			productName = Reflect;
			productReference = BBFB441B1E216AA10002E30C /* Reflect.app */;
			productType = "com.apple.product-type.application";
		};
		BBFB44311E216AA10002E30C /* ReflectTests */ = {
			isa = PBXNativeTarget;
			buildConfigurationList = BBFB44491E216AA10002E30C /* Build configuration list for PBXNativeTarget "ReflectTests" */;
			buildPhases = (
				CE6809649F98470592B2FB68 /* [CP] Check Pods Manifest.lock */,
				BBFB442E1E216AA10002E30C /* Sources */,
				BBFB442F1E216AA10002E30C /* Frameworks */,
				BBFB44301E216AA10002E30C /* Resources */,
				EB86E3C548C548E01E825961 /* [CP] Embed Pods Frameworks */,
				116B4D291AF5A7D3C2C0A1E7 /* [CP] Copy Pods Resources */,
			);
			buildRules = (
			);
			dependencies = (
				BBFB44341E216AA10002E30C /* PBXTargetDependency */,
			);
			name = ReflectTests;
			productName = ReflectTests;
			productReference = BBFB44321E216AA10002E30C /* ReflectTests.xctest */;
			productType = "com.apple.product-type.bundle.unit-test";
		};
		BBFB443C1E216AA10002E30C /* ReflectUITests */ = {
			isa = PBXNativeTarget;
			buildConfigurationList = BBFB444C1E216AA10002E30C /* Build configuration list for PBXNativeTarget "ReflectUITests" */;
			buildPhases = (
				5149DA2060AB1F9C3A4C7FE6 /* [CP] Check Pods Manifest.lock */,
				BBFB44391E216AA10002E30C /* Sources */,
				BBFB443A1E216AA10002E30C /* Frameworks */,
				BBFB443B1E216AA10002E30C /* Resources */,
				5B7C72D14AA15D1136A7674A /* [CP] Embed Pods Frameworks */,
				CE7934E68890225631AE5166 /* [CP] Copy Pods Resources */,
			);
			buildRules = (
			);
			dependencies = (
				BBFB443F1E216AA10002E30C /* PBXTargetDependency */,
			);
			name = ReflectUITests;
			productName = ReflectUITests;
			productReference = BBFB443D1E216AA10002E30C /* ReflectUITests.xctest */;
			productType = "com.apple.product-type.bundle.ui-testing";
		};
/* End PBXNativeTarget section */

/* Begin PBXProject section */
		BBFB44131E216AA10002E30C /* Project object */ = {
			isa = PBXProject;
			attributes = {
				LastSwiftUpdateCheck = 0820;
				LastUpgradeCheck = 0820;
				ORGANIZATIONNAME = "Enrique Torrendell";
				TargetAttributes = {
					BBFB441A1E216AA10002E30C = {
						CreatedOnToolsVersion = 8.2.1;
						DevelopmentTeam = 3SZW3Z4QTH;
						LastSwiftMigration = 0820;
						ProvisioningStyle = Automatic;
						SystemCapabilities = {
							com.apple.Keychain = {
								enabled = 1;
							};
						};
					};
					BBFB44311E216AA10002E30C = {
						CreatedOnToolsVersion = 8.2.1;
						DevelopmentTeam = 3SZW3Z4QTH;
						ProvisioningStyle = Automatic;
						TestTargetID = BBFB441A1E216AA10002E30C;
					};
					BBFB443C1E216AA10002E30C = {
						CreatedOnToolsVersion = 8.2.1;
						DevelopmentTeam = 3SZW3Z4QTH;
						ProvisioningStyle = Automatic;
						TestTargetID = BBFB441A1E216AA10002E30C;
					};
				};
			};
			buildConfigurationList = BBFB44161E216AA10002E30C /* Build configuration list for PBXProject "Reflect" */;
			compatibilityVersion = "Xcode 3.2";
			developmentRegion = English;
			hasScannedForEncodings = 0;
			knownRegions = (
				en,
				Base,
			);
			mainGroup = BBFB44121E216AA10002E30C;
			productRefGroup = BBFB441C1E216AA10002E30C /* Products */;
			projectDirPath = "";
			projectRoot = "";
			targets = (
				BBFB441A1E216AA10002E30C /* Reflect */,
				BBFB44311E216AA10002E30C /* ReflectTests */,
				BBFB443C1E216AA10002E30C /* ReflectUITests */,
			);
		};
/* End PBXProject section */

/* Begin PBXResourcesBuildPhase section */
		BBFB44191E216AA10002E30C /* Resources */ = {
			isa = PBXResourcesBuildPhase;
			buildActionMask = 2147483647;
			files = (
				BBFB442C1E216AA10002E30C /* LaunchScreen.storyboard in Resources */,
				BBE465D71E28B47000E7F583 /* GoogleService-Info.plist in Resources */,
				BBE465D51E288B9A00E7F583 /* Assets.xcassets in Resources */,
				BBFB44241E216AA10002E30C /* Main.storyboard in Resources */,
			);
			runOnlyForDeploymentPostprocessing = 0;
		};
		BBFB44301E216AA10002E30C /* Resources */ = {
			isa = PBXResourcesBuildPhase;
			buildActionMask = 2147483647;
			files = (
			);
			runOnlyForDeploymentPostprocessing = 0;
		};
		BBFB443B1E216AA10002E30C /* Resources */ = {
			isa = PBXResourcesBuildPhase;
			buildActionMask = 2147483647;
			files = (
			);
			runOnlyForDeploymentPostprocessing = 0;
		};
/* End PBXResourcesBuildPhase section */

/* Begin PBXShellScriptBuildPhase section */
		074E375F66726DF89DEA7949 /* [CP] Copy Pods Resources */ = {
			isa = PBXShellScriptBuildPhase;
			buildActionMask = 2147483647;
			files = (
			);
			inputPaths = (
			);
			name = "[CP] Copy Pods Resources";
			outputPaths = (
			);
			runOnlyForDeploymentPostprocessing = 0;
			shellPath = /bin/sh;
			shellScript = "\"${SRCROOT}/Pods/Target Support Files/Pods-Reflect/Pods-Reflect-resources.sh\"\n";
			showEnvVarsInLog = 0;
		};
		116B4D291AF5A7D3C2C0A1E7 /* [CP] Copy Pods Resources */ = {
			isa = PBXShellScriptBuildPhase;
			buildActionMask = 2147483647;
			files = (
			);
			inputPaths = (
			);
			name = "[CP] Copy Pods Resources";
			outputPaths = (
			);
			runOnlyForDeploymentPostprocessing = 0;
			shellPath = /bin/sh;
			shellScript = "\"${SRCROOT}/Pods/Target Support Files/Pods-ReflectTests/Pods-ReflectTests-resources.sh\"\n";
			showEnvVarsInLog = 0;
		};
		27C4238DF7D43A53ED52BF1D /* [CP] Check Pods Manifest.lock */ = {
			isa = PBXShellScriptBuildPhase;
			buildActionMask = 2147483647;
			files = (
			);
			inputPaths = (
			);
			name = "[CP] Check Pods Manifest.lock";
			outputPaths = (
			);
			runOnlyForDeploymentPostprocessing = 0;
			shellPath = /bin/sh;
			shellScript = "diff \"${PODS_ROOT}/../Podfile.lock\" \"${PODS_ROOT}/Manifest.lock\" > /dev/null\nif [ $? != 0 ] ; then\n    # print error to STDERR\n    echo \"error: The sandbox is not in sync with the Podfile.lock. Run 'pod install' or update your CocoaPods installation.\" >&2\n    exit 1\nfi\n";
			showEnvVarsInLog = 0;
		};
		5149DA2060AB1F9C3A4C7FE6 /* [CP] Check Pods Manifest.lock */ = {
			isa = PBXShellScriptBuildPhase;
			buildActionMask = 2147483647;
			files = (
			);
			inputPaths = (
			);
			name = "[CP] Check Pods Manifest.lock";
			outputPaths = (
			);
			runOnlyForDeploymentPostprocessing = 0;
			shellPath = /bin/sh;
			shellScript = "diff \"${PODS_ROOT}/../Podfile.lock\" \"${PODS_ROOT}/Manifest.lock\" > /dev/null\nif [ $? != 0 ] ; then\n    # print error to STDERR\n    echo \"error: The sandbox is not in sync with the Podfile.lock. Run 'pod install' or update your CocoaPods installation.\" >&2\n    exit 1\nfi\n";
			showEnvVarsInLog = 0;
		};
		5B7C72D14AA15D1136A7674A /* [CP] Embed Pods Frameworks */ = {
			isa = PBXShellScriptBuildPhase;
			buildActionMask = 2147483647;
			files = (
			);
			inputPaths = (
			);
			name = "[CP] Embed Pods Frameworks";
			outputPaths = (
			);
			runOnlyForDeploymentPostprocessing = 0;
			shellPath = /bin/sh;
			shellScript = "\"${SRCROOT}/Pods/Target Support Files/Pods-ReflectUITests/Pods-ReflectUITests-frameworks.sh\"\n";
			showEnvVarsInLog = 0;
		};
		B27317CF1BEFF771E225D2E9 /* [CP] Embed Pods Frameworks */ = {
			isa = PBXShellScriptBuildPhase;
			buildActionMask = 2147483647;
			files = (
			);
			inputPaths = (
			);
			name = "[CP] Embed Pods Frameworks";
			outputPaths = (
			);
			runOnlyForDeploymentPostprocessing = 0;
			shellPath = /bin/sh;
			shellScript = "\"${SRCROOT}/Pods/Target Support Files/Pods-Reflect/Pods-Reflect-frameworks.sh\"\n";
			showEnvVarsInLog = 0;
		};
		CE6809649F98470592B2FB68 /* [CP] Check Pods Manifest.lock */ = {
			isa = PBXShellScriptBuildPhase;
			buildActionMask = 2147483647;
			files = (
			);
			inputPaths = (
			);
			name = "[CP] Check Pods Manifest.lock";
			outputPaths = (
			);
			runOnlyForDeploymentPostprocessing = 0;
			shellPath = /bin/sh;
			shellScript = "diff \"${PODS_ROOT}/../Podfile.lock\" \"${PODS_ROOT}/Manifest.lock\" > /dev/null\nif [ $? != 0 ] ; then\n    # print error to STDERR\n    echo \"error: The sandbox is not in sync with the Podfile.lock. Run 'pod install' or update your CocoaPods installation.\" >&2\n    exit 1\nfi\n";
			showEnvVarsInLog = 0;
		};
		CE7934E68890225631AE5166 /* [CP] Copy Pods Resources */ = {
			isa = PBXShellScriptBuildPhase;
			buildActionMask = 2147483647;
			files = (
			);
			inputPaths = (
			);
			name = "[CP] Copy Pods Resources";
			outputPaths = (
			);
			runOnlyForDeploymentPostprocessing = 0;
			shellPath = /bin/sh;
			shellScript = "\"${SRCROOT}/Pods/Target Support Files/Pods-ReflectUITests/Pods-ReflectUITests-resources.sh\"\n";
			showEnvVarsInLog = 0;
		};
		EB86E3C548C548E01E825961 /* [CP] Embed Pods Frameworks */ = {
			isa = PBXShellScriptBuildPhase;
			buildActionMask = 2147483647;
			files = (
			);
			inputPaths = (
			);
			name = "[CP] Embed Pods Frameworks";
			outputPaths = (
			);
			runOnlyForDeploymentPostprocessing = 0;
			shellPath = /bin/sh;
			shellScript = "\"${SRCROOT}/Pods/Target Support Files/Pods-ReflectTests/Pods-ReflectTests-frameworks.sh\"\n";
			showEnvVarsInLog = 0;
		};
/* End PBXShellScriptBuildPhase section */

/* Begin PBXSourcesBuildPhase section */
		BBFB44171E216AA10002E30C /* Sources */ = {
			isa = PBXSourcesBuildPhase;
			buildActionMask = 2147483647;
			files = (
				BBA4C2681E28BACB006BFEAE /* User.swift in Sources */,
				BB5283911E25B4B400047A07 /* WelcomeViewController.swift in Sources */,
				BBFB441F1E216AA10002E30C /* AppDelegate.swift in Sources */,
				BB5283951E25B4CD00047A07 /* RegisterViewController.swift in Sources */,
				BB5283931E25B4C200047A07 /* LoginViewController.swift in Sources */,
				BB0675981E285D3500B4EF9A /* HabitCollectionViewCell.swift in Sources */,
				BBFB44271E216AA10002E30C /* Reflect.xcdatamodeld in Sources */,
				BB797A581E29CC1A00ED28BE /* AddHabitViewController.swift in Sources */,
				BB06759A1E28847800B4EF9A /* Habit.swift in Sources */,
				BBDA3B061E2F491B0022F326 /* Daily.swift in Sources */,
				BB87919E1E26AD0A00A8729A /* AppController.swift in Sources */,
				BB0675961E28585200B4EF9A /* Main2ViewController.swift in Sources */,
				BB7ADDA01E25DD6E0027DDBD /* Extensions.swift in Sources */,
				BBA4C26C1E28C804006BFEAE /* KeychainWrapper.m in Sources */,
				BB7ADDA31E25E5250027DDBD /* Constants.swift in Sources */,
				BBA4C26E1E28C8B5006BFEAE /* DataStore.swift in Sources */,
				BB87919C1E26A78600A8729A /* MainViewController.swift in Sources */,
			);
			runOnlyForDeploymentPostprocessing = 0;
		};
		BBFB442E1E216AA10002E30C /* Sources */ = {
			isa = PBXSourcesBuildPhase;
			buildActionMask = 2147483647;
			files = (
				BBFB44371E216AA10002E30C /* ReflectTests.swift in Sources */,
			);
			runOnlyForDeploymentPostprocessing = 0;
		};
		BBFB44391E216AA10002E30C /* Sources */ = {
			isa = PBXSourcesBuildPhase;
			buildActionMask = 2147483647;
			files = (
				BBFB44421E216AA10002E30C /* ReflectUITests.swift in Sources */,
			);
			runOnlyForDeploymentPostprocessing = 0;
		};
/* End PBXSourcesBuildPhase section */

/* Begin PBXTargetDependency section */
		BBFB44341E216AA10002E30C /* PBXTargetDependency */ = {
			isa = PBXTargetDependency;
			target = BBFB441A1E216AA10002E30C /* Reflect */;
			targetProxy = BBFB44331E216AA10002E30C /* PBXContainerItemProxy */;
		};
		BBFB443F1E216AA10002E30C /* PBXTargetDependency */ = {
			isa = PBXTargetDependency;
			target = BBFB441A1E216AA10002E30C /* Reflect */;
			targetProxy = BBFB443E1E216AA10002E30C /* PBXContainerItemProxy */;
		};
/* End PBXTargetDependency section */

/* Begin PBXVariantGroup section */
		BBFB44221E216AA10002E30C /* Main.storyboard */ = {
			isa = PBXVariantGroup;
			children = (
				BBFB44231E216AA10002E30C /* Base */,
			);
			name = Main.storyboard;
			sourceTree = "<group>";
		};
		BBFB442A1E216AA10002E30C /* LaunchScreen.storyboard */ = {
			isa = PBXVariantGroup;
			children = (
				BBFB442B1E216AA10002E30C /* Base */,
			);
			name = LaunchScreen.storyboard;
			sourceTree = "<group>";
		};
/* End PBXVariantGroup section */

/* Begin XCBuildConfiguration section */
		BBFB44441E216AA10002E30C /* Debug */ = {
			isa = XCBuildConfiguration;
			buildSettings = {
				ALWAYS_SEARCH_USER_PATHS = NO;
				CLANG_ANALYZER_NONNULL = YES;
				CLANG_CXX_LANGUAGE_STANDARD = "gnu++0x";
				CLANG_CXX_LIBRARY = "libc++";
				CLANG_ENABLE_MODULES = YES;
				CLANG_ENABLE_OBJC_ARC = YES;
				CLANG_WARN_BOOL_CONVERSION = YES;
				CLANG_WARN_CONSTANT_CONVERSION = YES;
				CLANG_WARN_DIRECT_OBJC_ISA_USAGE = YES_ERROR;
				CLANG_WARN_DOCUMENTATION_COMMENTS = YES;
				CLANG_WARN_EMPTY_BODY = YES;
				CLANG_WARN_ENUM_CONVERSION = YES;
				CLANG_WARN_INFINITE_RECURSION = YES;
				CLANG_WARN_INT_CONVERSION = YES;
				CLANG_WARN_OBJC_ROOT_CLASS = YES_ERROR;
				CLANG_WARN_SUSPICIOUS_MOVE = YES;
				CLANG_WARN_UNREACHABLE_CODE = YES;
				CLANG_WARN__DUPLICATE_METHOD_MATCH = YES;
				"CODE_SIGN_IDENTITY[sdk=iphoneos*]" = "iPhone Developer";
				COPY_PHASE_STRIP = NO;
				DEBUG_INFORMATION_FORMAT = dwarf;
				ENABLE_STRICT_OBJC_MSGSEND = YES;
				ENABLE_TESTABILITY = YES;
				GCC_C_LANGUAGE_STANDARD = gnu99;
				GCC_DYNAMIC_NO_PIC = NO;
				GCC_NO_COMMON_BLOCKS = YES;
				GCC_OPTIMIZATION_LEVEL = 0;
				GCC_PREPROCESSOR_DEFINITIONS = (
					"DEBUG=1",
					"$(inherited)",
				);
				GCC_WARN_64_TO_32_BIT_CONVERSION = YES;
				GCC_WARN_ABOUT_RETURN_TYPE = YES_ERROR;
				GCC_WARN_UNDECLARED_SELECTOR = YES;
				GCC_WARN_UNINITIALIZED_AUTOS = YES_AGGRESSIVE;
				GCC_WARN_UNUSED_FUNCTION = YES;
				GCC_WARN_UNUSED_VARIABLE = YES;
				IPHONEOS_DEPLOYMENT_TARGET = 10.2;
				MTL_ENABLE_DEBUG_INFO = YES;
				ONLY_ACTIVE_ARCH = YES;
				SDKROOT = iphoneos;
				SWIFT_ACTIVE_COMPILATION_CONDITIONS = DEBUG;
				SWIFT_OPTIMIZATION_LEVEL = "-Onone";
				TARGETED_DEVICE_FAMILY = "1,2";
			};
			name = Debug;
		};
		BBFB44451E216AA10002E30C /* Release */ = {
			isa = XCBuildConfiguration;
			buildSettings = {
				ALWAYS_SEARCH_USER_PATHS = NO;
				CLANG_ANALYZER_NONNULL = YES;
				CLANG_CXX_LANGUAGE_STANDARD = "gnu++0x";
				CLANG_CXX_LIBRARY = "libc++";
				CLANG_ENABLE_MODULES = YES;
				CLANG_ENABLE_OBJC_ARC = YES;
				CLANG_WARN_BOOL_CONVERSION = YES;
				CLANG_WARN_CONSTANT_CONVERSION = YES;
				CLANG_WARN_DIRECT_OBJC_ISA_USAGE = YES_ERROR;
				CLANG_WARN_DOCUMENTATION_COMMENTS = YES;
				CLANG_WARN_EMPTY_BODY = YES;
				CLANG_WARN_ENUM_CONVERSION = YES;
				CLANG_WARN_INFINITE_RECURSION = YES;
				CLANG_WARN_INT_CONVERSION = YES;
				CLANG_WARN_OBJC_ROOT_CLASS = YES_ERROR;
				CLANG_WARN_SUSPICIOUS_MOVE = YES;
				CLANG_WARN_UNREACHABLE_CODE = YES;
				CLANG_WARN__DUPLICATE_METHOD_MATCH = YES;
				"CODE_SIGN_IDENTITY[sdk=iphoneos*]" = "iPhone Developer";
				COPY_PHASE_STRIP = NO;
				DEBUG_INFORMATION_FORMAT = "dwarf-with-dsym";
				ENABLE_NS_ASSERTIONS = NO;
				ENABLE_STRICT_OBJC_MSGSEND = YES;
				GCC_C_LANGUAGE_STANDARD = gnu99;
				GCC_NO_COMMON_BLOCKS = YES;
				GCC_WARN_64_TO_32_BIT_CONVERSION = YES;
				GCC_WARN_ABOUT_RETURN_TYPE = YES_ERROR;
				GCC_WARN_UNDECLARED_SELECTOR = YES;
				GCC_WARN_UNINITIALIZED_AUTOS = YES_AGGRESSIVE;
				GCC_WARN_UNUSED_FUNCTION = YES;
				GCC_WARN_UNUSED_VARIABLE = YES;
				IPHONEOS_DEPLOYMENT_TARGET = 10.2;
				MTL_ENABLE_DEBUG_INFO = NO;
				SDKROOT = iphoneos;
				SWIFT_OPTIMIZATION_LEVEL = "-Owholemodule";
				TARGETED_DEVICE_FAMILY = "1,2";
				VALIDATE_PRODUCT = YES;
			};
			name = Release;
		};
		BBFB44471E216AA10002E30C /* Debug */ = {
			isa = XCBuildConfiguration;
			baseConfigurationReference = 9345554C9AC699CD64F4374F /* Pods-Reflect.debug.xcconfig */;
			buildSettings = {
				ASSETCATALOG_COMPILER_APPICON_NAME = AppIcon;
				CLANG_ENABLE_MODULES = YES;
				CODE_SIGN_ENTITLEMENTS = Reflect/Reflect.entitlements;
				DEVELOPMENT_TEAM = 3SZW3Z4QTH;
				INFOPLIST_FILE = Reflect/Info.plist;
				LD_RUNPATH_SEARCH_PATHS = "$(inherited) @executable_path/Frameworks";
				PRODUCT_BUNDLE_IDENTIFIER = Tor.Reflect;
				PRODUCT_NAME = "$(TARGET_NAME)";
				SWIFT_OBJC_BRIDGING_HEADER = "Reflect/Reflect-Bridging-Header.h";
				SWIFT_OPTIMIZATION_LEVEL = "-Onone";
				SWIFT_VERSION = 3.0;
			};
			name = Debug;
		};
		BBFB44481E216AA10002E30C /* Release */ = {
			isa = XCBuildConfiguration;
			baseConfigurationReference = 7057CFD29543839FB06CF071 /* Pods-Reflect.release.xcconfig */;
			buildSettings = {
				ASSETCATALOG_COMPILER_APPICON_NAME = AppIcon;
				CLANG_ENABLE_MODULES = YES;
				CODE_SIGN_ENTITLEMENTS = Reflect/Reflect.entitlements;
				DEVELOPMENT_TEAM = 3SZW3Z4QTH;
				INFOPLIST_FILE = Reflect/Info.plist;
				LD_RUNPATH_SEARCH_PATHS = "$(inherited) @executable_path/Frameworks";
				PRODUCT_BUNDLE_IDENTIFIER = Tor.Reflect;
				PRODUCT_NAME = "$(TARGET_NAME)";
				SWIFT_OBJC_BRIDGING_HEADER = "Reflect/Reflect-Bridging-Header.h";
				SWIFT_VERSION = 3.0;
			};
			name = Release;
		};
		BBFB444A1E216AA10002E30C /* Debug */ = {
			isa = XCBuildConfiguration;
			baseConfigurationReference = 15030B7EF3FB4CE443A6C078 /* Pods-ReflectTests.debug.xcconfig */;
			buildSettings = {
				ALWAYS_EMBED_SWIFT_STANDARD_LIBRARIES = YES;
				BUNDLE_LOADER = "$(TEST_HOST)";
				DEVELOPMENT_TEAM = 3SZW3Z4QTH;
				INFOPLIST_FILE = ReflectTests/Info.plist;
				LD_RUNPATH_SEARCH_PATHS = "$(inherited) @executable_path/Frameworks @loader_path/Frameworks";
				PRODUCT_BUNDLE_IDENTIFIER = Tor.ReflectTests;
				PRODUCT_NAME = "$(TARGET_NAME)";
				SWIFT_VERSION = 3.0;
				TEST_HOST = "$(BUILT_PRODUCTS_DIR)/Reflect.app/Reflect";
			};
			name = Debug;
		};
		BBFB444B1E216AA10002E30C /* Release */ = {
			isa = XCBuildConfiguration;
			baseConfigurationReference = 8983F2F2BBB4D376187C2C67 /* Pods-ReflectTests.release.xcconfig */;
			buildSettings = {
				ALWAYS_EMBED_SWIFT_STANDARD_LIBRARIES = YES;
				BUNDLE_LOADER = "$(TEST_HOST)";
				DEVELOPMENT_TEAM = 3SZW3Z4QTH;
				INFOPLIST_FILE = ReflectTests/Info.plist;
				LD_RUNPATH_SEARCH_PATHS = "$(inherited) @executable_path/Frameworks @loader_path/Frameworks";
				PRODUCT_BUNDLE_IDENTIFIER = Tor.ReflectTests;
				PRODUCT_NAME = "$(TARGET_NAME)";
				SWIFT_VERSION = 3.0;
				TEST_HOST = "$(BUILT_PRODUCTS_DIR)/Reflect.app/Reflect";
			};
			name = Release;
		};
		BBFB444D1E216AA10002E30C /* Debug */ = {
			isa = XCBuildConfiguration;
			baseConfigurationReference = E54CC4FDEF3647C9A717A979 /* Pods-ReflectUITests.debug.xcconfig */;
			buildSettings = {
				ALWAYS_EMBED_SWIFT_STANDARD_LIBRARIES = YES;
				DEVELOPMENT_TEAM = 3SZW3Z4QTH;
				INFOPLIST_FILE = ReflectUITests/Info.plist;
				LD_RUNPATH_SEARCH_PATHS = "$(inherited) @executable_path/Frameworks @loader_path/Frameworks";
				PRODUCT_BUNDLE_IDENTIFIER = Tor.ReflectUITests;
				PRODUCT_NAME = "$(TARGET_NAME)";
				SWIFT_VERSION = 3.0;
				TEST_TARGET_NAME = Reflect;
			};
			name = Debug;
		};
		BBFB444E1E216AA10002E30C /* Release */ = {
			isa = XCBuildConfiguration;
			baseConfigurationReference = 154E4A41F1DB62F18D967000 /* Pods-ReflectUITests.release.xcconfig */;
			buildSettings = {
				ALWAYS_EMBED_SWIFT_STANDARD_LIBRARIES = YES;
				DEVELOPMENT_TEAM = 3SZW3Z4QTH;
				INFOPLIST_FILE = ReflectUITests/Info.plist;
				LD_RUNPATH_SEARCH_PATHS = "$(inherited) @executable_path/Frameworks @loader_path/Frameworks";
				PRODUCT_BUNDLE_IDENTIFIER = Tor.ReflectUITests;
				PRODUCT_NAME = "$(TARGET_NAME)";
				SWIFT_VERSION = 3.0;
				TEST_TARGET_NAME = Reflect;
			};
			name = Release;
		};
/* End XCBuildConfiguration section */

/* Begin XCConfigurationList section */
		BBFB44161E216AA10002E30C /* Build configuration list for PBXProject "Reflect" */ = {
			isa = XCConfigurationList;
			buildConfigurations = (
				BBFB44441E216AA10002E30C /* Debug */,
				BBFB44451E216AA10002E30C /* Release */,
			);
			defaultConfigurationIsVisible = 0;
			defaultConfigurationName = Release;
		};
		BBFB44461E216AA10002E30C /* Build configuration list for PBXNativeTarget "Reflect" */ = {
			isa = XCConfigurationList;
			buildConfigurations = (
				BBFB44471E216AA10002E30C /* Debug */,
				BBFB44481E216AA10002E30C /* Release */,
			);
			defaultConfigurationIsVisible = 0;
			defaultConfigurationName = Release;
		};
		BBFB44491E216AA10002E30C /* Build configuration list for PBXNativeTarget "ReflectTests" */ = {
			isa = XCConfigurationList;
			buildConfigurations = (
				BBFB444A1E216AA10002E30C /* Debug */,
				BBFB444B1E216AA10002E30C /* Release */,
			);
			defaultConfigurationIsVisible = 0;
			defaultConfigurationName = Release;
		};
		BBFB444C1E216AA10002E30C /* Build configuration list for PBXNativeTarget "ReflectUITests" */ = {
			isa = XCConfigurationList;
			buildConfigurations = (
				BBFB444D1E216AA10002E30C /* Debug */,
				BBFB444E1E216AA10002E30C /* Release */,
			);
			defaultConfigurationIsVisible = 0;
			defaultConfigurationName = Release;
		};
/* End XCConfigurationList section */

/* Begin XCVersionGroup section */
		BBFB44251E216AA10002E30C /* Reflect.xcdatamodeld */ = {
			isa = XCVersionGroup;
			children = (
				BBFB44261E216AA10002E30C /* Reflect.xcdatamodel */,
			);
			currentVersion = BBFB44261E216AA10002E30C /* Reflect.xcdatamodel */;
			path = Reflect.xcdatamodeld;
			sourceTree = "<group>";
			versionGroupType = wrapper.xcdatamodel;
		};
/* End XCVersionGroup section */
	};
	rootObject = BBFB44131E216AA10002E30C /* Project object */;
}
